
Microsoft Visual Studio Solution File, Format Version 12.00
# Visual Studio Version 17
VisualStudioVersion = 17.2.32516.85
MinimumVisualStudioVersion = 10.0.40219.1
Project("{9A19103F-16F7-4668-BE54-9A1E7A4F7556}") = "VirtualRestaurant.Api", "VirtualRestaurant.Api\VirtualRestaurant.Api.csproj", "{AAC23DCF-2DB5-4CEF-81CC-B2ECD85EA3F5}"
EndProject
Project("{9A19103F-16F7-4668-BE54-9A1E7A4F7556}") = "VirtualRestaurant.Domain", "VirtualRestaurant.Domain\VirtualRestaurant.Domain.csproj", "{41E34C75-A7A7-4697-A91F-6A02ABC50783}"
EndProject
Project("{9A19103F-16F7-4668-BE54-9A1E7A4F7556}") = "VirtualRestaurant.Persistence", "VirtualRestaurant.Persistence\VirtualRestaurant.Persistence.csproj", "{25BFCC65-149B-4AA9-B711-17DFE88B8C1B}"
EndProject
Project("{9A19103F-16F7-4668-BE54-9A1E7A4F7556}") = "VirtualRestaurant.BusinessLogic", "VirtualRestaurant.BusinessLogic\VirtualRestaurant.BusinessLogic.csproj", "{9FE80421-F2F6-497B-92B2-0D4AD862285C}"
EndProject
Global
	GlobalSection(SolutionConfigurationPlatforms) = preSolution
		Debug|Any CPU = Debug|Any CPU
		Release|Any CPU = Release|Any CPU
	EndGlobalSection
	GlobalSection(ProjectConfigurationPlatforms) = postSolution
		{AAC23DCF-2DB5-4CEF-81CC-B2ECD85EA3F5}.Debug|Any CPU.ActiveCfg = Debug|Any CPU
		{AAC23DCF-2DB5-4CEF-81CC-B2ECD85EA3F5}.Debug|Any CPU.Build.0 = Debug|Any CPU
		{AAC23DCF-2DB5-4CEF-81CC-B2ECD85EA3F5}.Release|Any CPU.ActiveCfg = Release|Any CPU
		{AAC23DCF-2DB5-4CEF-81CC-B2ECD85EA3F5}.Release|Any CPU.Build.0 = Release|Any CPU
		{41E34C75-A7A7-4697-A91F-6A02ABC50783}.Debug|Any CPU.ActiveCfg = Debug|Any CPU
		{41E34C75-A7A7-4697-A91F-6A02ABC50783}.Debug|Any CPU.Build.0 = Debug|Any CPU
		{41E34C75-A7A7-4697-A91F-6A02ABC50783}.Release|Any CPU.ActiveCfg = Release|Any CPU
		{41E34C75-A7A7-4697-A91F-6A02ABC50783}.Release|Any CPU.Build.0 = Release|Any CPU
		{25BFCC65-149B-4AA9-B711-17DFE88B8C1B}.Debug|Any CPU.ActiveCfg = Debug|Any CPU
		{25BFCC65-149B-4AA9-B711-17DFE88B8C1B}.Debug|Any CPU.Build.0 = Debug|Any CPU
		{25BFCC65-149B-4AA9-B711-17DFE88B8C1B}.Release|Any CPU.ActiveCfg = Release|Any CPU
		{25BFCC65-149B-4AA9-B711-17DFE88B8C1B}.Release|Any CPU.Build.0 = Release|Any CPU
		{9FE80421-F2F6-497B-92B2-0D4AD862285C}.Debug|Any CPU.ActiveCfg = Debug|Any CPU
		{9FE80421-F2F6-497B-92B2-0D4AD862285C}.Debug|Any CPU.Build.0 = Debug|Any CPU
		{9FE80421-F2F6-497B-92B2-0D4AD862285C}.Release|Any CPU.ActiveCfg = Release|Any CPU
		{9FE80421-F2F6-497B-92B2-0D4AD862285C}.Release|Any CPU.Build.0 = Release|Any CPU
	EndGlobalSection
	GlobalSection(SolutionProperties) = preSolution
		HideSolutionNode = FALSE
	EndGlobalSection
	GlobalSection(ExtensibilityGlobals) = postSolution
		SolutionGuid = {56A30DBA-A1DA-4474-AF93-78FBC8872923}
	EndGlobalSection
EndGlobal
