
Microsoft Visual Studio Solution File, Format Version 12.00
# Visual Studio Version 17
VisualStudioVersion = 17.2.32516.85
MinimumVisualStudioVersion = 10.0.40219.1
Project("{FAE04EC0-301F-11D3-BF4B-00C04F79EFBC}") = "VirtualRestaurant.Api", "VirtualRestaurant.Api\VirtualRestaurant.Api.csproj", "{AAC23DCF-2DB5-4CEF-81CC-B2ECD85EA3F5}"
EndProject
Project("{FAE04EC0-301F-11D3-BF4B-00C04F79EFBC}") = "VirtualRestaurant.Domain", "VirtualRestaurant.Domain\VirtualRestaurant.Domain.csproj", "{41E34C75-A7A7-4697-A91F-6A02ABC50783}"
EndProject
Global
	GlobalSection(SolutionConfigurationPlatforms) = preSolution
		Debug|Any CPU = Debug|Any CPU
		Release|Any CPU = Release|Any CPU
	EndGlobalSection
	GlobalSection(ProjectConfigurationPlatforms) = postSolution
		{AAC23DCF-2DB5-4CEF-81CC-B2ECD85EA3F5}.Debug|Any CPU.ActiveCfg = Debug|Any CPU
		{AAC23DCF-2DB5-4CEF-81CC-B2ECD85EA3F5}.Debug|Any CPU.Build.0 = Debug|Any CPU
		{AAC23DCF-2DB5-4CEF-81CC-B2ECD85EA3F5}.Release|Any CPU.ActiveCfg = Release|Any CPU
		{AAC23DCF-2DB5-4CEF-81CC-B2ECD85EA3F5}.Release|Any CPU.Build.0 = Release|Any CPU
		{41E34C75-A7A7-4697-A91F-6A02ABC50783}.Debug|Any CPU.ActiveCfg = Debug|Any CPU
		{41E34C75-A7A7-4697-A91F-6A02ABC50783}.Debug|Any CPU.Build.0 = Debug|Any CPU
		{41E34C75-A7A7-4697-A91F-6A02ABC50783}.Release|Any CPU.ActiveCfg = Release|Any CPU
		{41E34C75-A7A7-4697-A91F-6A02ABC50783}.Release|Any CPU.Build.0 = Release|Any CPU
	EndGlobalSection
	GlobalSection(SolutionProperties) = preSolution
		HideSolutionNode = FALSE
	EndGlobalSection
	GlobalSection(ExtensibilityGlobals) = postSolution
		SolutionGuid = {56A30DBA-A1DA-4474-AF93-78FBC8872923}
	EndGlobalSection
EndGlobal
